
Microsoft Visual Studio Solution File, Format Version 12.00
# Visual Studio 15
VisualStudioVersion = 15.0.28307.106
MinimumVisualStudioVersion = 10.0.40219.1
Project("{9A19103F-16F7-4668-BE54-9A1E7A4F7556}") = "Miasin.Services", "Miasin.Services\Miasin.Services.csproj", "{6798461B-8A2F-4B6A-B64C-D1A62B7F09D3}"
EndProject
Project("{FAE04EC0-301F-11D3-BF4B-00C04F79EFBC}") = "Miasin.Web", "Miasin.Web\Miasin.Web.csproj", "{D0A143AC-9EE3-4806-857A-BE8D17A63DCC}"
EndProject
Global
	GlobalSection(SolutionConfigurationPlatforms) = preSolution
		Debug|Any CPU = Debug|Any CPU
		Release|Any CPU = Release|Any CPU
	EndGlobalSection
	GlobalSection(ProjectConfigurationPlatforms) = postSolution
		{6798461B-8A2F-4B6A-B64C-D1A62B7F09D3}.Debug|Any CPU.ActiveCfg = Debug|Any CPU
		{6798461B-8A2F-4B6A-B64C-D1A62B7F09D3}.Debug|Any CPU.Build.0 = Debug|Any CPU
		{6798461B-8A2F-4B6A-B64C-D1A62B7F09D3}.Release|Any CPU.ActiveCfg = Release|Any CPU
		{6798461B-8A2F-4B6A-B64C-D1A62B7F09D3}.Release|Any CPU.Build.0 = Release|Any CPU
		{D0A143AC-9EE3-4806-857A-BE8D17A63DCC}.Debug|Any CPU.ActiveCfg = Debug|Any CPU
		{D0A143AC-9EE3-4806-857A-BE8D17A63DCC}.Debug|Any CPU.Build.0 = Debug|Any CPU
		{D0A143AC-9EE3-4806-857A-BE8D17A63DCC}.Release|Any CPU.ActiveCfg = Release|Any CPU
		{D0A143AC-9EE3-4806-857A-BE8D17A63DCC}.Release|Any CPU.Build.0 = Release|Any CPU
	EndGlobalSection
	GlobalSection(SolutionProperties) = preSolution
		HideSolutionNode = FALSE
	EndGlobalSection
	GlobalSection(ExtensibilityGlobals) = postSolution
		SolutionGuid = {F7D43920-42E7-4092-81DA-CEEE473FD905}
	EndGlobalSection
EndGlobal
